
Microsoft Visual Studio Solution File, Format Version 12.00
# Visual Studio Version 16
VisualStudioVersion = 16.0.30907.101
MinimumVisualStudioVersion = 10.0.40219.1
Project("{F2A71F9B-5D33-465A-A702-920D77279786}") = "FSharpRestCalls", "FSharpRestCalls\FSharpRestCalls.fsproj", "{1C027CD4-5404-4091-B816-12E3EF80633C}"
EndProject
Global
	GlobalSection(SolutionConfigurationPlatforms) = preSolution
		Debug|Any CPU = Debug|Any CPU
		Release|Any CPU = Release|Any CPU
	EndGlobalSection
	GlobalSection(ProjectConfigurationPlatforms) = postSolution
		{1C027CD4-5404-4091-B816-12E3EF80633C}.Debug|Any CPU.ActiveCfg = Debug|Any CPU
		{1C027CD4-5404-4091-B816-12E3EF80633C}.Debug|Any CPU.Build.0 = Debug|Any CPU
		{1C027CD4-5404-4091-B816-12E3EF80633C}.Release|Any CPU.ActiveCfg = Release|Any CPU
		{1C027CD4-5404-4091-B816-12E3EF80633C}.Release|Any CPU.Build.0 = Release|Any CPU
	EndGlobalSection
	GlobalSection(SolutionProperties) = preSolution
		HideSolutionNode = FALSE
	EndGlobalSection
	GlobalSection(ExtensibilityGlobals) = postSolution
		SolutionGuid = {6EC5B1B2-1F45-47C0-B6F1-9E2E8AC9282F}
	EndGlobalSection
EndGlobal
